// !$*UTF8*$!
{
	archiveVersion = 1;
	classes = {
	};
	objectVersion = 46;
	objects = {

/* Begin PBXBuildFile section */
		7B9394CD174ABF990093BBF8 /* Foundation.framework in Frameworks */ = {isa = PBXBuildFile; fileRef = 7B9394CC174ABF990093BBF8 /* Foundation.framework */; };
		7B9394DC174ABFD30093BBF8 /* helper.m in Sources */ = {isa = PBXBuildFile; fileRef = 7B9394DB174ABFD30093BBF8 /* helper.m */; };
/* End PBXBuildFile section */

/* Begin PBXCopyFilesBuildPhase section */
		7B9394C7174ABF990093BBF8 /* CopyFiles */ = {
			isa = PBXCopyFilesBuildPhase;
			buildActionMask = 2147483647;
			dstPath = "include/${PRODUCT_NAME}";
			dstSubfolderSpec = 16;
			files = (
			);
			runOnlyForDeploymentPostprocessing = 0;
		};
/* End PBXCopyFilesBuildPhase section */

/* Begin PBXFileReference section */
		7B9394C9174ABF990093BBF8 /* libbindy.a */ = {isa = PBXFileReference; explicitFileType = archive.ar; includeInIndex = 0; path = libbindy.a; sourceTree = BUILT_PRODUCTS_DIR; };
		7B9394CC174ABF990093BBF8 /* Foundation.framework */ = {isa = PBXFileReference; lastKnownFileType = wrapper.framework; name = Foundation.framework; path = System/Library/Frameworks/Foundation.framework; sourceTree = SDKROOT; };
		7B9394D0174ABF990093BBF8 /* bindy-Prefix.pch */ = {isa = PBXFileReference; lastKnownFileType = sourcecode.c.h; path = "bindy-Prefix.pch"; sourceTree = "<group>"; };
		7B9394DA174ABFD30093BBF8 /* helper.h */ = {isa = PBXFileReference; fileEncoding = 4; lastKnownFileType = sourcecode.c.h; path = helper.h; sourceTree = "<group>"; };
		7B9394DB174ABFD30093BBF8 /* helper.m */ = {isa = PBXFileReference; fileEncoding = 4; lastKnownFileType = sourcecode.c.objc; path = helper.m; sourceTree = "<group>"; };
/* End PBXFileReference section */

/* Begin PBXFrameworksBuildPhase section */
		7B9394C6174ABF990093BBF8 /* Frameworks */ = {
			isa = PBXFrameworksBuildPhase;
			buildActionMask = 2147483647;
			files = (
				7B9394CD174ABF990093BBF8 /* Foundation.framework in Frameworks */,
			);
			runOnlyForDeploymentPostprocessing = 0;
		};
/* End PBXFrameworksBuildPhase section */

/* Begin PBXGroup section */
		7B9394C0174ABF990093BBF8 = {
			isa = PBXGroup;
			children = (
				7B9394CE174ABF990093BBF8 /* bindy */,
				7B9394CB174ABF990093BBF8 /* Frameworks */,
				7B9394CA174ABF990093BBF8 /* Products */,
			);
			sourceTree = "<group>";
		};
		7B9394CA174ABF990093BBF8 /* Products */ = {
			isa = PBXGroup;
			children = (
				7B9394C9174ABF990093BBF8 /* libbindy.a */,
			);
			name = Products;
			sourceTree = "<group>";
		};
		7B9394CB174ABF990093BBF8 /* Frameworks */ = {
			isa = PBXGroup;
			children = (
				7B9394CC174ABF990093BBF8 /* Foundation.framework */,
			);
			name = Frameworks;
			sourceTree = "<group>";
		};
		7B9394CE174ABF990093BBF8 /* bindy */ = {
			isa = PBXGroup;
			children = (
				7B9394CF174ABF990093BBF8 /* Supporting Files */,
				7B9394DA174ABFD30093BBF8 /* helper.h */,
				7B9394DB174ABFD30093BBF8 /* helper.m */,
			);
			path = bindy;
			sourceTree = "<group>";
		};
		7B9394CF174ABF990093BBF8 /* Supporting Files */ = {
			isa = PBXGroup;
			children = (
				7B9394D0174ABF990093BBF8 /* bindy-Prefix.pch */,
			);
			name = "Supporting Files";
			sourceTree = "<group>";
		};
/* End PBXGroup section */

/* Begin PBXNativeTarget section */
		7B9394C8174ABF990093BBF8 /* bindy */ = {
			isa = PBXNativeTarget;
			buildConfigurationList = 7B9394D7174ABF990093BBF8 /* Build configuration list for PBXNativeTarget "bindy" */;
			buildPhases = (
				7B9394C5174ABF990093BBF8 /* Sources */,
				7B9394C6174ABF990093BBF8 /* Frameworks */,
				7B9394C7174ABF990093BBF8 /* CopyFiles */,
			);
			buildRules = (
			);
			dependencies = (
			);
			name = bindy;
			productName = bindy;
			productReference = 7B9394C9174ABF990093BBF8 /* libbindy.a */;
			productType = "com.apple.product-type.library.static";
		};
/* End PBXNativeTarget section */

/* Begin PBXProject section */
		7B9394C1174ABF990093BBF8 /* Project object */ = {
			isa = PBXProject;
			attributes = {
				LastUpgradeCheck = 0460;
				ORGANIZATIONNAME = "Leo Dion";
			};
			buildConfigurationList = 7B9394C4174ABF990093BBF8 /* Build configuration list for PBXProject "bindy" */;
			compatibilityVersion = "Xcode 3.2";
			developmentRegion = English;
			hasScannedForEncodings = 0;
			knownRegions = (
				en,
			);
			mainGroup = 7B9394C0174ABF990093BBF8;
			productRefGroup = 7B9394CA174ABF990093BBF8 /* Products */;
			projectDirPath = "";
			projectRoot = "";
			targets = (
				7B9394C8174ABF990093BBF8 /* bindy */,
			);
		};
/* End PBXProject section */

/* Begin PBXSourcesBuildPhase section */
		7B9394C5174ABF990093BBF8 /* Sources */ = {
			isa = PBXSourcesBuildPhase;
			buildActionMask = 2147483647;
			files = (
				7B9394DC174ABFD30093BBF8 /* helper.m in Sources */,
			);
			runOnlyForDeploymentPostprocessing = 0;
		};
/* End PBXSourcesBuildPhase section */

/* Begin XCBuildConfiguration section */
		7B9394D5174ABF990093BBF8 /* Debug */ = {
			isa = XCBuildConfiguration;
			buildSettings = {
				ALWAYS_SEARCH_USER_PATHS = NO;
				CLANG_CXX_LANGUAGE_STANDARD = "gnu++0x";
				CLANG_CXX_LIBRARY = "libc++";
				CLANG_ENABLE_OBJC_ARC = YES;
				CLANG_WARN_CONSTANT_CONVERSION = YES;
				CLANG_WARN_EMPTY_BODY = YES;
				CLANG_WARN_ENUM_CONVERSION = YES;
				CLANG_WARN_INT_CONVERSION = YES;
				CLANG_WARN__DUPLICATE_METHOD_MATCH = YES;
				COPY_PHASE_STRIP = NO;
				GCC_C_LANGUAGE_STANDARD = gnu99;
				GCC_DYNAMIC_NO_PIC = NO;
				GCC_OPTIMIZATION_LEVEL = 0;
				GCC_PREPROCESSOR_DEFINITIONS = (
					"DEBUG=1",
					"$(inherited)",
				);
				GCC_SYMBOLS_PRIVATE_EXTERN = NO;
				GCC_WARN_ABOUT_RETURN_TYPE = YES;
				GCC_WARN_UNINITIALIZED_AUTOS = YES;
				GCC_WARN_UNUSED_VARIABLE = YES;
				IPHONEOS_DEPLOYMENT_TARGET = 6.1;
				ONLY_ACTIVE_ARCH = YES;
				SDKROOT = iphoneos;
			};
			name = Debug;
		};
		7B9394D6174ABF990093BBF8 /* Release */ = {
			isa = XCBuildConfiguration;
			buildSettings = {
				ALWAYS_SEARCH_USER_PATHS = NO;
				CLANG_CXX_LANGUAGE_STANDARD = "gnu++0x";
				CLANG_CXX_LIBRARY = "libc++";
				CLANG_ENABLE_OBJC_ARC = YES;
				CLANG_WARN_CONSTANT_CONVERSION = YES;
				CLANG_WARN_EMPTY_BODY = YES;
				CLANG_WARN_ENUM_CONVERSION = YES;
				CLANG_WARN_INT_CONVERSION = YES;
				CLANG_WARN__DUPLICATE_METHOD_MATCH = YES;
				COPY_PHASE_STRIP = YES;
				GCC_C_LANGUAGE_STANDARD = gnu99;
				GCC_WARN_ABOUT_RETURN_TYPE = YES;
				GCC_WARN_UNINITIALIZED_AUTOS = YES;
				GCC_WARN_UNUSED_VARIABLE = YES;
				IPHONEOS_DEPLOYMENT_TARGET = 6.1;
				SDKROOT = iphoneos;
				VALIDATE_PRODUCT = YES;
			};
			name = Release;
		};
		7B9394D8174ABF990093BBF8 /* Debug */ = {
			isa = XCBuildConfiguration;
			buildSettings = {
				DSTROOT = /tmp/bindy.dst;
				GCC_PRECOMPILE_PREFIX_HEADER = YES;
				GCC_PREFIX_HEADER = "bindy/bindy-Prefix.pch";
				OTHER_LDFLAGS = "-ObjC";
				PRODUCT_NAME = "$(TARGET_NAME)";
				SKIP_INSTALL = YES;
			};
			name = Debug;
		};
		7B9394D9174ABF990093BBF8 /* Release */ = {
			isa = XCBuildConfiguration;
			buildSettings = {
				DSTROOT = /tmp/bindy.dst;
				GCC_PRECOMPILE_PREFIX_HEADER = YES;
				GCC_PREFIX_HEADER = "bindy/bindy-Prefix.pch";
				OTHER_LDFLAGS = "-ObjC";
				PRODUCT_NAME = "$(TARGET_NAME)";
				SKIP_INSTALL = YES;
			};
			name = Release;
		};
/* End XCBuildConfiguration section */

/* Begin XCConfigurationList section */
		7B9394C4174ABF990093BBF8 /* Build configuration list for PBXProject "bindy" */ = {
			isa = XCConfigurationList;
			buildConfigurations = (
				7B9394D5174ABF990093BBF8 /* Debug */,
				7B9394D6174ABF990093BBF8 /* Release */,
			);
			defaultConfigurationIsVisible = 0;
			defaultConfigurationName = Release;
		};
		7B9394D7174ABF990093BBF8 /* Build configuration list for PBXNativeTarget "bindy" */ = {
			isa = XCConfigurationList;
			buildConfigurations = (
				7B9394D8174ABF990093BBF8 /* Debug */,
				7B9394D9174ABF990093BBF8 /* Release */,
			);
			defaultConfigurationIsVisible = 0;
			defaultConfigurationName = Release;
		};
/* End XCConfigurationList section */
	};
	rootObject = 7B9394C1174ABF990093BBF8 /* Project object */;
}
