
Microsoft Visual Studio Solution File, Format Version 11.00
# Visual Studio 2010
Project("{FAE04EC0-301F-11D3-BF4B-00C04F79EFBC}") = "bindy", "bindy\bindy.csproj", "{BA6BCC1B-6490-4571-90A2-3A3B1B5F822B}"
EndProject
Project("{FAE04EC0-301F-11D3-BF4B-00C04F79EFBC}") = "iOS", "ios\iOS.csproj", "{B90BAA55-BC61-4C05-8A70-68BF8438F706}"
EndProject
Global
	GlobalSection(SolutionConfigurationPlatforms) = preSolution
		Debug|iPhoneSimulator = Debug|iPhoneSimulator
		Release|iPhoneSimulator = Release|iPhoneSimulator
		Debug|iPhone = Debug|iPhone
		Release|iPhone = Release|iPhone
		Ad-Hoc|iPhone = Ad-Hoc|iPhone
		AppStore|iPhone = AppStore|iPhone
	EndGlobalSection
	GlobalSection(ProjectConfigurationPlatforms) = postSolution
		{B90BAA55-BC61-4C05-8A70-68BF8438F706}.Ad-Hoc|iPhone.ActiveCfg = Release|Any CPU
		{B90BAA55-BC61-4C05-8A70-68BF8438F706}.Ad-Hoc|iPhone.Build.0 = Release|Any CPU
		{B90BAA55-BC61-4C05-8A70-68BF8438F706}.AppStore|iPhone.ActiveCfg = Release|Any CPU
		{B90BAA55-BC61-4C05-8A70-68BF8438F706}.AppStore|iPhone.Build.0 = Release|Any CPU
		{B90BAA55-BC61-4C05-8A70-68BF8438F706}.Debug|iPhone.ActiveCfg = Debug|Any CPU
		{B90BAA55-BC61-4C05-8A70-68BF8438F706}.Debug|iPhone.Build.0 = Debug|Any CPU
		{B90BAA55-BC61-4C05-8A70-68BF8438F706}.Debug|iPhoneSimulator.ActiveCfg = Debug|Any CPU
		{B90BAA55-BC61-4C05-8A70-68BF8438F706}.Debug|iPhoneSimulator.Build.0 = Debug|Any CPU
		{B90BAA55-BC61-4C05-8A70-68BF8438F706}.Release|iPhone.ActiveCfg = Release|Any CPU
		{B90BAA55-BC61-4C05-8A70-68BF8438F706}.Release|iPhone.Build.0 = Release|Any CPU
		{B90BAA55-BC61-4C05-8A70-68BF8438F706}.Release|iPhoneSimulator.ActiveCfg = Release|Any CPU
		{B90BAA55-BC61-4C05-8A70-68BF8438F706}.Release|iPhoneSimulator.Build.0 = Release|Any CPU
		{BA6BCC1B-6490-4571-90A2-3A3B1B5F822B}.Ad-Hoc|iPhone.ActiveCfg = Ad-Hoc|iPhone
		{BA6BCC1B-6490-4571-90A2-3A3B1B5F822B}.Ad-Hoc|iPhone.Build.0 = Ad-Hoc|iPhone
		{BA6BCC1B-6490-4571-90A2-3A3B1B5F822B}.AppStore|iPhone.ActiveCfg = AppStore|iPhone
		{BA6BCC1B-6490-4571-90A2-3A3B1B5F822B}.AppStore|iPhone.Build.0 = AppStore|iPhone
		{BA6BCC1B-6490-4571-90A2-3A3B1B5F822B}.Debug|iPhone.ActiveCfg = Debug|iPhone
		{BA6BCC1B-6490-4571-90A2-3A3B1B5F822B}.Debug|iPhone.Build.0 = Debug|iPhone
		{BA6BCC1B-6490-4571-90A2-3A3B1B5F822B}.Debug|iPhoneSimulator.ActiveCfg = Debug|iPhoneSimulator
		{BA6BCC1B-6490-4571-90A2-3A3B1B5F822B}.Debug|iPhoneSimulator.Build.0 = Debug|iPhoneSimulator
		{BA6BCC1B-6490-4571-90A2-3A3B1B5F822B}.Release|iPhone.ActiveCfg = Release|iPhone
		{BA6BCC1B-6490-4571-90A2-3A3B1B5F822B}.Release|iPhone.Build.0 = Release|iPhone
		{BA6BCC1B-6490-4571-90A2-3A3B1B5F822B}.Release|iPhoneSimulator.ActiveCfg = Release|iPhoneSimulator
		{BA6BCC1B-6490-4571-90A2-3A3B1B5F822B}.Release|iPhoneSimulator.Build.0 = Release|iPhoneSimulator
	EndGlobalSection
	GlobalSection(MonoDevelopProperties) = preSolution
		StartupItem = bindy\bindy.csproj
	EndGlobalSection
EndGlobal
